{
  "name": "deep-pick",
  "version": "1.0.0",
  "lockfileVersion": 1,
  "dependencies": {
    "rollup": {
      "version": "0.51.6",
      "resolved": "https://registry.npmjs.org/rollup/-/rollup-0.51.6.tgz",
      "integrity": "sha512-4N6f2DyKJjgjgqbmokvPuqzqaUcBqXKLvejorwKoKD8x6stsj5IPRosq9z4ifR1h2CLF7wtgMV6Pzd3HIhoYog==",
      "dev": true
    }
  }
}
